// !$*UTF8*$!
{
	archiveVersion = 1;
	classes = {
	};
	objectVersion = 46;
	objects = {

/* Begin PBXBuildFile section */
		553594991DBDD285002478B1 /* AppDelegate.swift in Sources */ = {isa = PBXBuildFile; fileRef = 553594981DBDD285002478B1 /* AppDelegate.swift */; };
		5535949B1DBDD285002478B1 /* ViewController.swift in Sources */ = {isa = PBXBuildFile; fileRef = 5535949A1DBDD285002478B1 /* ViewController.swift */; };
		5535949E1DBDD285002478B1 /* Main.storyboard in Resources */ = {isa = PBXBuildFile; fileRef = 5535949C1DBDD285002478B1 /* Main.storyboard */; };
		553594A01DBDD285002478B1 /* Assets.xcassets in Resources */ = {isa = PBXBuildFile; fileRef = 5535949F1DBDD285002478B1 /* Assets.xcassets */; };
		553594A31DBDD285002478B1 /* LaunchScreen.storyboard in Resources */ = {isa = PBXBuildFile; fileRef = 553594A11DBDD285002478B1 /* LaunchScreen.storyboard */; };
		553594AE1DBDD285002478B1 /* Tax_estimateTests.swift in Sources */ = {isa = PBXBuildFile; fileRef = 553594AD1DBDD285002478B1 /* Tax_estimateTests.swift */; };
		55540FAE1DC57D7A001800C4 /* TaxType.swift in Sources */ = {isa = PBXBuildFile; fileRef = 55540FAD1DC57D7A001800C4 /* TaxType.swift */; };
		55540FB01DC5C89C001800C4 /* fedtax.txt in Resources */ = {isa = PBXBuildFile; fileRef = 55540FAF1DC5C89C001800C4 /* fedtax.txt */; };
		55540FB21DC5CD67001800C4 /* AppError.swift in Sources */ = {isa = PBXBuildFile; fileRef = 55540FB11DC5CD67001800C4 /* AppError.swift */; };
		55540FB41DC72F0E001800C4 /* Utils.swift in Sources */ = {isa = PBXBuildFile; fileRef = 55540FB31DC72F0E001800C4 /* Utils.swift */; };
		55540FB61DC731D5001800C4 /* UtilsTest.swift in Sources */ = {isa = PBXBuildFile; fileRef = 55540FB51DC731D5001800C4 /* UtilsTest.swift */; };
		55540FB81DC73604001800C4 /* testFile.txt in Resources */ = {isa = PBXBuildFile; fileRef = 55540FB71DC73604001800C4 /* testFile.txt */; };
		55540FBA1DC74144001800C4 /* BracketEnum.swift in Sources */ = {isa = PBXBuildFile; fileRef = 55540FB91DC74144001800C4 /* BracketEnum.swift */; };
		556A4D581DC1E5C300529007 /* TaxCalculationError.swift in Sources */ = {isa = PBXBuildFile; fileRef = 556A4D571DC1E5C300529007 /* TaxCalculationError.swift */; };
		556EC59A1DC5545A0002314A /* User.swift in Sources */ = {isa = PBXBuildFile; fileRef = 556EC5991DC5545A0002314A /* User.swift */; };
		556EC59C1DC554990002314A /* FilingStatus.swift in Sources */ = {isa = PBXBuildFile; fileRef = 556EC59B1DC554990002314A /* FilingStatus.swift */; };
		556EC59E1DC558F50002314A /* UserProtocol.swift in Sources */ = {isa = PBXBuildFile; fileRef = 556EC59D1DC558F50002314A /* UserProtocol.swift */; };
		556EC5A01DC55CFD0002314A /* TaxBracketsProtocol.swift in Sources */ = {isa = PBXBuildFile; fileRef = 556EC59F1DC55CFD0002314A /* TaxBracketsProtocol.swift */; };
		556EC5A21DC56F030002314A /* TaxBracketsTests.swift in Sources */ = {isa = PBXBuildFile; fileRef = 556EC5A11DC56F030002314A /* TaxBracketsTests.swift */; };
		5581C53C1DBF4174006C0A3D /* TaxBrackets.swift in Sources */ = {isa = PBXBuildFile; fileRef = 5581C53B1DBF4174006C0A3D /* TaxBrackets.swift */; };
		55F59B441DC03A7700CA0574 /* TaxBracket.swift in Sources */ = {isa = PBXBuildFile; fileRef = 55F59B431DC03A7700CA0574 /* TaxBracket.swift */; };
		55F59B461DC0A9CD00CA0574 /* TaxBracketTests.swift in Sources */ = {isa = PBXBuildFile; fileRef = 55F59B451DC0A9CD00CA0574 /* TaxBracketTests.swift */; };
/* End PBXBuildFile section */

/* Begin PBXContainerItemProxy section */
		553594AA1DBDD285002478B1 /* PBXContainerItemProxy */ = {
			isa = PBXContainerItemProxy;
			containerPortal = 5535948D1DBDD285002478B1 /* Project object */;
			proxyType = 1;
			remoteGlobalIDString = 553594941DBDD285002478B1;
			remoteInfo = "Tax-estimate";
		};
/* End PBXContainerItemProxy section */

/* Begin PBXFileReference section */
		553594951DBDD285002478B1 /* Tax-estimate.app */ = {isa = PBXFileReference; explicitFileType = wrapper.application; includeInIndex = 0; path = "Tax-estimate.app"; sourceTree = BUILT_PRODUCTS_DIR; };
		553594981DBDD285002478B1 /* AppDelegate.swift */ = {isa = PBXFileReference; lastKnownFileType = sourcecode.swift; path = AppDelegate.swift; sourceTree = "<group>"; };
		5535949A1DBDD285002478B1 /* ViewController.swift */ = {isa = PBXFileReference; lastKnownFileType = sourcecode.swift; path = ViewController.swift; sourceTree = "<group>"; };
		5535949D1DBDD285002478B1 /* Base */ = {isa = PBXFileReference; lastKnownFileType = file.storyboard; name = Base; path = Base.lproj/Main.storyboard; sourceTree = "<group>"; };
		5535949F1DBDD285002478B1 /* Assets.xcassets */ = {isa = PBXFileReference; lastKnownFileType = folder.assetcatalog; path = Assets.xcassets; sourceTree = "<group>"; };
		553594A21DBDD285002478B1 /* Base */ = {isa = PBXFileReference; lastKnownFileType = file.storyboard; name = Base; path = Base.lproj/LaunchScreen.storyboard; sourceTree = "<group>"; };
		553594A41DBDD285002478B1 /* Info.plist */ = {isa = PBXFileReference; lastKnownFileType = text.plist.xml; path = Info.plist; sourceTree = "<group>"; };
		553594A91DBDD285002478B1 /* Tax-estimateTests.xctest */ = {isa = PBXFileReference; explicitFileType = wrapper.cfbundle; includeInIndex = 0; path = "Tax-estimateTests.xctest"; sourceTree = BUILT_PRODUCTS_DIR; };
		553594AD1DBDD285002478B1 /* Tax_estimateTests.swift */ = {isa = PBXFileReference; lastKnownFileType = sourcecode.swift; path = Tax_estimateTests.swift; sourceTree = "<group>"; tabWidth = 4; usesTabs = 0; };
		553594AF1DBDD285002478B1 /* Info.plist */ = {isa = PBXFileReference; lastKnownFileType = text.plist.xml; path = Info.plist; sourceTree = "<group>"; };
		55540FAD1DC57D7A001800C4 /* TaxType.swift */ = {isa = PBXFileReference; fileEncoding = 4; lastKnownFileType = sourcecode.swift; path = TaxType.swift; sourceTree = "<group>"; };
		55540FAF1DC5C89C001800C4 /* fedtax.txt */ = {isa = PBXFileReference; fileEncoding = 4; lastKnownFileType = text; path = fedtax.txt; sourceTree = "<group>"; };
		55540FB11DC5CD67001800C4 /* AppError.swift */ = {isa = PBXFileReference; fileEncoding = 4; lastKnownFileType = sourcecode.swift; path = AppError.swift; sourceTree = "<group>"; };
		55540FB31DC72F0E001800C4 /* Utils.swift */ = {isa = PBXFileReference; fileEncoding = 4; lastKnownFileType = sourcecode.swift; path = Utils.swift; sourceTree = "<group>"; };
		55540FB51DC731D5001800C4 /* UtilsTest.swift */ = {isa = PBXFileReference; fileEncoding = 4; lastKnownFileType = sourcecode.swift; path = UtilsTest.swift; sourceTree = "<group>"; };
		55540FB71DC73604001800C4 /* testFile.txt */ = {isa = PBXFileReference; fileEncoding = 4; lastKnownFileType = text; path = testFile.txt; sourceTree = "<group>"; };
		55540FB91DC74144001800C4 /* BracketEnum.swift */ = {isa = PBXFileReference; fileEncoding = 4; lastKnownFileType = sourcecode.swift; path = BracketEnum.swift; sourceTree = "<group>"; };
		556A4D571DC1E5C300529007 /* TaxCalculationError.swift */ = {isa = PBXFileReference; fileEncoding = 4; lastKnownFileType = sourcecode.swift; path = TaxCalculationError.swift; sourceTree = "<group>"; };
		556EC5991DC5545A0002314A /* User.swift */ = {isa = PBXFileReference; fileEncoding = 4; lastKnownFileType = sourcecode.swift; path = User.swift; sourceTree = "<group>"; };
		556EC59B1DC554990002314A /* FilingStatus.swift */ = {isa = PBXFileReference; fileEncoding = 4; lastKnownFileType = sourcecode.swift; path = FilingStatus.swift; sourceTree = "<group>"; };
		556EC59D1DC558F50002314A /* UserProtocol.swift */ = {isa = PBXFileReference; fileEncoding = 4; lastKnownFileType = sourcecode.swift; path = UserProtocol.swift; sourceTree = "<group>"; };
		556EC59F1DC55CFD0002314A /* TaxBracketsProtocol.swift */ = {isa = PBXFileReference; fileEncoding = 4; lastKnownFileType = sourcecode.swift; path = TaxBracketsProtocol.swift; sourceTree = "<group>"; };
		556EC5A11DC56F030002314A /* TaxBracketsTests.swift */ = {isa = PBXFileReference; fileEncoding = 4; lastKnownFileType = sourcecode.swift; name = TaxBracketsTests.swift; path = "../Tax-estimate/TaxBracketsTests.swift"; sourceTree = "<group>"; };
		5581C53B1DBF4174006C0A3D /* TaxBrackets.swift */ = {isa = PBXFileReference; fileEncoding = 4; lastKnownFileType = sourcecode.swift; path = TaxBrackets.swift; sourceTree = "<group>"; };
		55F59B431DC03A7700CA0574 /* TaxBracket.swift */ = {isa = PBXFileReference; fileEncoding = 4; lastKnownFileType = sourcecode.swift; path = TaxBracket.swift; sourceTree = "<group>"; };
		55F59B451DC0A9CD00CA0574 /* TaxBracketTests.swift */ = {isa = PBXFileReference; fileEncoding = 4; lastKnownFileType = sourcecode.swift; path = TaxBracketTests.swift; sourceTree = "<group>"; };
/* End PBXFileReference section */

/* Begin PBXFrameworksBuildPhase section */
		553594921DBDD285002478B1 /* Frameworks */ = {
			isa = PBXFrameworksBuildPhase;
			buildActionMask = 2147483647;
			files = (
			);
			runOnlyForDeploymentPostprocessing = 0;
		};
		553594A61DBDD285002478B1 /* Frameworks */ = {
			isa = PBXFrameworksBuildPhase;
			buildActionMask = 2147483647;
			files = (
			);
			runOnlyForDeploymentPostprocessing = 0;
		};
/* End PBXFrameworksBuildPhase section */

/* Begin PBXGroup section */
		5535948C1DBDD285002478B1 = {
			isa = PBXGroup;
			children = (
				553594971DBDD285002478B1 /* TaxEstimate */,
				553594AC1DBDD285002478B1 /* Tax-estimateTests */,
				553594961DBDD285002478B1 /* Products */,
			);
			sourceTree = "<group>";
		};
		553594961DBDD285002478B1 /* Products */ = {
			isa = PBXGroup;
			children = (
				553594951DBDD285002478B1 /* Tax-estimate.app */,
				553594A91DBDD285002478B1 /* Tax-estimateTests.xctest */,
			);
			name = Products;
			sourceTree = "<group>";
		};
		553594971DBDD285002478B1 /* TaxEstimate */ = {
			isa = PBXGroup;
			children = (
				553594981DBDD285002478B1 /* AppDelegate.swift */,
				5535949A1DBDD285002478B1 /* ViewController.swift */,
				5535949C1DBDD285002478B1 /* Main.storyboard */,
				5535949F1DBDD285002478B1 /* Assets.xcassets */,
				553594A11DBDD285002478B1 /* LaunchScreen.storyboard */,
				553594A41DBDD285002478B1 /* Info.plist */,
				5581C53B1DBF4174006C0A3D /* TaxBrackets.swift */,
				55F59B431DC03A7700CA0574 /* TaxBracket.swift */,
				556A4D571DC1E5C300529007 /* TaxCalculationError.swift */,
				556EC5991DC5545A0002314A /* User.swift */,
				556EC59B1DC554990002314A /* FilingStatus.swift */,
				556EC59D1DC558F50002314A /* UserProtocol.swift */,
				556EC59F1DC55CFD0002314A /* TaxBracketsProtocol.swift */,
				55540FAD1DC57D7A001800C4 /* TaxType.swift */,
				55540FAF1DC5C89C001800C4 /* fedtax.txt */,
				55540FB11DC5CD67001800C4 /* AppError.swift */,
				55540FB31DC72F0E001800C4 /* Utils.swift */,
				55540FB91DC74144001800C4 /* BracketEnum.swift */,
			);
			name = TaxEstimate;
			path = "Tax-estimate";
			sourceTree = "<group>";
		};
		553594AC1DBDD285002478B1 /* Tax-estimateTests */ = {
			isa = PBXGroup;
			children = (
				556EC5A11DC56F030002314A /* TaxBracketsTests.swift */,
				553594AD1DBDD285002478B1 /* Tax_estimateTests.swift */,
				553594AF1DBDD285002478B1 /* Info.plist */,
				55F59B451DC0A9CD00CA0574 /* TaxBracketTests.swift */,
				55540FB51DC731D5001800C4 /* UtilsTest.swift */,
				55540FB71DC73604001800C4 /* testFile.txt */,
			);
			path = "Tax-estimateTests";
			sourceTree = "<group>";
		};
/* End PBXGroup section */

/* Begin PBXNativeTarget section */
		553594941DBDD285002478B1 /* Tax-estimate */ = {
			isa = PBXNativeTarget;
			buildConfigurationList = 553594B21DBDD285002478B1 /* Build configuration list for PBXNativeTarget "Tax-estimate" */;
			buildPhases = (
				553594911DBDD285002478B1 /* Sources */,
				553594921DBDD285002478B1 /* Frameworks */,
				553594931DBDD285002478B1 /* Resources */,
			);
			buildRules = (
			);
			dependencies = (
			);
			name = "Tax-estimate";
			productName = "Tax-estimate";
			productReference = 553594951DBDD285002478B1 /* Tax-estimate.app */;
			productType = "com.apple.product-type.application";
		};
		553594A81DBDD285002478B1 /* Tax-estimateTests */ = {
			isa = PBXNativeTarget;
			buildConfigurationList = 553594B51DBDD285002478B1 /* Build configuration list for PBXNativeTarget "Tax-estimateTests" */;
			buildPhases = (
				553594A51DBDD285002478B1 /* Sources */,
				553594A61DBDD285002478B1 /* Frameworks */,
				553594A71DBDD285002478B1 /* Resources */,
			);
			buildRules = (
			);
			dependencies = (
				553594AB1DBDD285002478B1 /* PBXTargetDependency */,
			);
			name = "Tax-estimateTests";
			productName = "Tax-estimateTests";
			productReference = 553594A91DBDD285002478B1 /* Tax-estimateTests.xctest */;
			productType = "com.apple.product-type.bundle.unit-test";
		};
/* End PBXNativeTarget section */

/* Begin PBXProject section */
		5535948D1DBDD285002478B1 /* Project object */ = {
			isa = PBXProject;
			attributes = {
				LastSwiftUpdateCheck = 0720;
				LastUpgradeCheck = 0720;
				ORGANIZATIONNAME = "Varun Ajmera";
				TargetAttributes = {
					553594941DBDD285002478B1 = {
						CreatedOnToolsVersion = 7.2.1;
					};
					553594A81DBDD285002478B1 = {
						CreatedOnToolsVersion = 7.2.1;
						TestTargetID = 553594941DBDD285002478B1;
					};
				};
			};
			buildConfigurationList = 553594901DBDD285002478B1 /* Build configuration list for PBXProject "Tax-estimate" */;
			compatibilityVersion = "Xcode 3.2";
			developmentRegion = English;
			hasScannedForEncodings = 0;
			knownRegions = (
				en,
				Base,
			);
			mainGroup = 5535948C1DBDD285002478B1;
			productRefGroup = 553594961DBDD285002478B1 /* Products */;
			projectDirPath = "";
			projectRoot = "";
			targets = (
				553594941DBDD285002478B1 /* Tax-estimate */,
				553594A81DBDD285002478B1 /* Tax-estimateTests */,
			);
		};
/* End PBXProject section */

/* Begin PBXResourcesBuildPhase section */
		553594931DBDD285002478B1 /* Resources */ = {
			isa = PBXResourcesBuildPhase;
			buildActionMask = 2147483647;
			files = (
				553594A31DBDD285002478B1 /* LaunchScreen.storyboard in Resources */,
				553594A01DBDD285002478B1 /* Assets.xcassets in Resources */,
				55540FB01DC5C89C001800C4 /* fedtax.txt in Resources */,
				5535949E1DBDD285002478B1 /* Main.storyboard in Resources */,
			);
			runOnlyForDeploymentPostprocessing = 0;
		};
		553594A71DBDD285002478B1 /* Resources */ = {
			isa = PBXResourcesBuildPhase;
			buildActionMask = 2147483647;
			files = (
				55540FB81DC73604001800C4 /* testFile.txt in Resources */,
			);
			runOnlyForDeploymentPostprocessing = 0;
		};
/* End PBXResourcesBuildPhase section */

/* Begin PBXSourcesBuildPhase section */
		553594911DBDD285002478B1 /* Sources */ = {
			isa = PBXSourcesBuildPhase;
			buildActionMask = 2147483647;
			files = (
				556A4D581DC1E5C300529007 /* TaxCalculationError.swift in Sources */,
				55F59B441DC03A7700CA0574 /* TaxBracket.swift in Sources */,
				556EC59A1DC5545A0002314A /* User.swift in Sources */,
				5535949B1DBDD285002478B1 /* ViewController.swift in Sources */,
				556EC59C1DC554990002314A /* FilingStatus.swift in Sources */,
				5581C53C1DBF4174006C0A3D /* TaxBrackets.swift in Sources */,
				556EC5A01DC55CFD0002314A /* TaxBracketsProtocol.swift in Sources */,
				55540FAE1DC57D7A001800C4 /* TaxType.swift in Sources */,
				55540FB21DC5CD67001800C4 /* AppError.swift in Sources */,
				556EC59E1DC558F50002314A /* UserProtocol.swift in Sources */,
				553594991DBDD285002478B1 /* AppDelegate.swift in Sources */,
				55540FB41DC72F0E001800C4 /* Utils.swift in Sources */,
			);
			runOnlyForDeploymentPostprocessing = 0;
		};
		553594A51DBDD285002478B1 /* Sources */ = {
			isa = PBXSourcesBuildPhase;
			buildActionMask = 2147483647;
			files = (
				55540FBA1DC74144001800C4 /* BracketEnum.swift in Sources */,
				55F59B461DC0A9CD00CA0574 /* TaxBracketTests.swift in Sources */,
				556EC5A21DC56F030002314A /* TaxBracketsTests.swift in Sources */,
				553594AE1DBDD285002478B1 /* Tax_estimateTests.swift in Sources */,
				55540FB61DC731D5001800C4 /* UtilsTest.swift in Sources */,
			);
			runOnlyForDeploymentPostprocessing = 0;
		};
/* End PBXSourcesBuildPhase section */

/* Begin PBXTargetDependency section */
		553594AB1DBDD285002478B1 /* PBXTargetDependency */ = {
			isa = PBXTargetDependency;
			target = 553594941DBDD285002478B1 /* Tax-estimate */;
			targetProxy = 553594AA1DBDD285002478B1 /* PBXContainerItemProxy */;
		};
/* End PBXTargetDependency section */

/* Begin PBXVariantGroup section */
		5535949C1DBDD285002478B1 /* Main.storyboard */ = {
			isa = PBXVariantGroup;
			children = (
				5535949D1DBDD285002478B1 /* Base */,
			);
			name = Main.storyboard;
			sourceTree = "<group>";
		};
		553594A11DBDD285002478B1 /* LaunchScreen.storyboard */ = {
			isa = PBXVariantGroup;
			children = (
				553594A21DBDD285002478B1 /* Base */,
			);
			name = LaunchScreen.storyboard;
			sourceTree = "<group>";
		};
/* End PBXVariantGroup section */

/* Begin XCBuildConfiguration section */
		553594B01DBDD285002478B1 /* Debug */ = {
			isa = XCBuildConfiguration;
			buildSettings = {
				ALWAYS_SEARCH_USER_PATHS = NO;
				CLANG_CXX_LANGUAGE_STANDARD = "gnu++0x";
				CLANG_CXX_LIBRARY = "libc++";
				CLANG_ENABLE_MODULES = YES;
				CLANG_ENABLE_OBJC_ARC = YES;
				CLANG_WARN_BOOL_CONVERSION = YES;
				CLANG_WARN_CONSTANT_CONVERSION = YES;
				CLANG_WARN_DIRECT_OBJC_ISA_USAGE = YES_ERROR;
				CLANG_WARN_EMPTY_BODY = YES;
				CLANG_WARN_ENUM_CONVERSION = YES;
				CLANG_WARN_INT_CONVERSION = YES;
				CLANG_WARN_OBJC_ROOT_CLASS = YES_ERROR;
				CLANG_WARN_UNREACHABLE_CODE = YES;
				CLANG_WARN__DUPLICATE_METHOD_MATCH = YES;
				"CODE_SIGN_IDENTITY[sdk=iphoneos*]" = "iPhone Developer";
				COPY_PHASE_STRIP = NO;
				DEBUG_INFORMATION_FORMAT = dwarf;
				ENABLE_STRICT_OBJC_MSGSEND = YES;
				ENABLE_TESTABILITY = YES;
				GCC_C_LANGUAGE_STANDARD = gnu99;
				GCC_DYNAMIC_NO_PIC = NO;
				GCC_NO_COMMON_BLOCKS = YES;
				GCC_OPTIMIZATION_LEVEL = 0;
				GCC_PREPROCESSOR_DEFINITIONS = (
					"DEBUG=1",
					"$(inherited)",
				);
				GCC_WARN_64_TO_32_BIT_CONVERSION = YES;
				GCC_WARN_ABOUT_RETURN_TYPE = YES_ERROR;
				GCC_WARN_UNDECLARED_SELECTOR = YES;
				GCC_WARN_UNINITIALIZED_AUTOS = YES_AGGRESSIVE;
				GCC_WARN_UNUSED_FUNCTION = YES;
				GCC_WARN_UNUSED_VARIABLE = YES;
				IPHONEOS_DEPLOYMENT_TARGET = 9.2;
				MTL_ENABLE_DEBUG_INFO = YES;
				ONLY_ACTIVE_ARCH = YES;
				SDKROOT = iphoneos;
				SWIFT_OPTIMIZATION_LEVEL = "-Onone";
				TARGETED_DEVICE_FAMILY = "1,2";
			};
			name = Debug;
		};
		553594B11DBDD285002478B1 /* Release */ = {
			isa = XCBuildConfiguration;
			buildSettings = {
				ALWAYS_SEARCH_USER_PATHS = NO;
				CLANG_CXX_LANGUAGE_STANDARD = "gnu++0x";
				CLANG_CXX_LIBRARY = "libc++";
				CLANG_ENABLE_MODULES = YES;
				CLANG_ENABLE_OBJC_ARC = YES;
				CLANG_WARN_BOOL_CONVERSION = YES;
				CLANG_WARN_CONSTANT_CONVERSION = YES;
				CLANG_WARN_DIRECT_OBJC_ISA_USAGE = YES_ERROR;
				CLANG_WARN_EMPTY_BODY = YES;
				CLANG_WARN_ENUM_CONVERSION = YES;
				CLANG_WARN_INT_CONVERSION = YES;
				CLANG_WARN_OBJC_ROOT_CLASS = YES_ERROR;
				CLANG_WARN_UNREACHABLE_CODE = YES;
				CLANG_WARN__DUPLICATE_METHOD_MATCH = YES;
				"CODE_SIGN_IDENTITY[sdk=iphoneos*]" = "iPhone Developer";
				COPY_PHASE_STRIP = NO;
				DEBUG_INFORMATION_FORMAT = "dwarf-with-dsym";
				ENABLE_NS_ASSERTIONS = NO;
				ENABLE_STRICT_OBJC_MSGSEND = YES;
				GCC_C_LANGUAGE_STANDARD = gnu99;
				GCC_NO_COMMON_BLOCKS = YES;
				GCC_WARN_64_TO_32_BIT_CONVERSION = YES;
				GCC_WARN_ABOUT_RETURN_TYPE = YES_ERROR;
				GCC_WARN_UNDECLARED_SELECTOR = YES;
				GCC_WARN_UNINITIALIZED_AUTOS = YES_AGGRESSIVE;
				GCC_WARN_UNUSED_FUNCTION = YES;
				GCC_WARN_UNUSED_VARIABLE = YES;
				IPHONEOS_DEPLOYMENT_TARGET = 9.2;
				MTL_ENABLE_DEBUG_INFO = NO;
				SDKROOT = iphoneos;
				TARGETED_DEVICE_FAMILY = "1,2";
				VALIDATE_PRODUCT = YES;
			};
			name = Release;
		};
		553594B31DBDD285002478B1 /* Debug */ = {
			isa = XCBuildConfiguration;
			buildSettings = {
				ASSETCATALOG_COMPILER_APPICON_NAME = AppIcon;
				INFOPLIST_FILE = "Tax-estimate/Info.plist";
				LD_RUNPATH_SEARCH_PATHS = "$(inherited) @executable_path/Frameworks";
				PRODUCT_BUNDLE_IDENTIFIER = "com.example.Tax-estimate";
				PRODUCT_NAME = "$(TARGET_NAME)";
			};
			name = Debug;
		};
		553594B41DBDD285002478B1 /* Release */ = {
			isa = XCBuildConfiguration;
			buildSettings = {
				ASSETCATALOG_COMPILER_APPICON_NAME = AppIcon;
				INFOPLIST_FILE = "Tax-estimate/Info.plist";
				LD_RUNPATH_SEARCH_PATHS = "$(inherited) @executable_path/Frameworks";
				PRODUCT_BUNDLE_IDENTIFIER = "com.example.Tax-estimate";
				PRODUCT_NAME = "$(TARGET_NAME)";
			};
			name = Release;
		};
		553594B61DBDD285002478B1 /* Debug */ = {
			isa = XCBuildConfiguration;
			buildSettings = {
				BUNDLE_LOADER = "$(TEST_HOST)";
				INFOPLIST_FILE = "Tax-estimateTests/Info.plist";
				LD_RUNPATH_SEARCH_PATHS = "$(inherited) @executable_path/Frameworks @loader_path/Frameworks";
				PRODUCT_BUNDLE_IDENTIFIER = "com.example.Tax-estimateTests";
				PRODUCT_NAME = "$(TARGET_NAME)";
				TEST_HOST = "$(BUILT_PRODUCTS_DIR)/Tax-estimate.app/Tax-estimate";
			};
			name = Debug;
		};
		553594B71DBDD285002478B1 /* Release */ = {
			isa = XCBuildConfiguration;
			buildSettings = {
				BUNDLE_LOADER = "$(TEST_HOST)";
				INFOPLIST_FILE = "Tax-estimateTests/Info.plist";
				LD_RUNPATH_SEARCH_PATHS = "$(inherited) @executable_path/Frameworks @loader_path/Frameworks";
				PRODUCT_BUNDLE_IDENTIFIER = "com.example.Tax-estimateTests";
				PRODUCT_NAME = "$(TARGET_NAME)";
				TEST_HOST = "$(BUILT_PRODUCTS_DIR)/Tax-estimate.app/Tax-estimate";
			};
			name = Release;
		};
/* End XCBuildConfiguration section */

/* Begin XCConfigurationList section */
		553594901DBDD285002478B1 /* Build configuration list for PBXProject "Tax-estimate" */ = {
			isa = XCConfigurationList;
			buildConfigurations = (
				553594B01DBDD285002478B1 /* Debug */,
				553594B11DBDD285002478B1 /* Release */,
			);
			defaultConfigurationIsVisible = 0;
			defaultConfigurationName = Release;
		};
		553594B21DBDD285002478B1 /* Build configuration list for PBXNativeTarget "Tax-estimate" */ = {
			isa = XCConfigurationList;
			buildConfigurations = (
				553594B31DBDD285002478B1 /* Debug */,
				553594B41DBDD285002478B1 /* Release */,
			);
			defaultConfigurationIsVisible = 0;
			defaultConfigurationName = Release;
		};
		553594B51DBDD285002478B1 /* Build configuration list for PBXNativeTarget "Tax-estimateTests" */ = {
			isa = XCConfigurationList;
			buildConfigurations = (
				553594B61DBDD285002478B1 /* Debug */,
				553594B71DBDD285002478B1 /* Release */,
			);
			defaultConfigurationIsVisible = 0;
			defaultConfigurationName = Release;
		};
/* End XCConfigurationList section */
	};
	rootObject = 5535948D1DBDD285002478B1 /* Project object */;
}
