// !$*UTF8*$!
{
	archiveVersion = 1;
	classes = {
	};
	objectVersion = 46;
	objects = {

/* Begin PBXBuildFile section */
		5507520E1DD082F900676627 /* BracketEnum.swift in Sources */ = {isa = PBXBuildFile; fileRef = 55540FB91DC74144001800C4 /* BracketEnum.swift */; };
		550DC6CB1E6424AD005A459F /* PreTaxDeduction.swift in Sources */ = {isa = PBXBuildFile; fileRef = 550DC6CA1E6424AD005A459F /* PreTaxDeduction.swift */; };
		550DC6CD1E6437C0005A459F /* PreTaxDeductionTests.swift in Sources */ = {isa = PBXBuildFile; fileRef = 550DC6CC1E6437C0005A459F /* PreTaxDeductionTests.swift */; };
		550DC6CF1E643DD6005A459F /* PreTaxDeductions.swift in Sources */ = {isa = PBXBuildFile; fileRef = 550DC6CE1E643DD6005A459F /* PreTaxDeductions.swift */; };
		551D85901DDEF42C00FCC1F4 /* TaxBracketsTests.swift in Sources */ = {isa = PBXBuildFile; fileRef = 551D858F1DDEF42C00FCC1F4 /* TaxBracketsTests.swift */; };
		551D85921DDF0AB100FCC1F4 /* TODOs in Resources */ = {isa = PBXBuildFile; fileRef = 551D85911DDF0AB100FCC1F4 /* TODOs */; };
		552877E51E4B1250002408FD /* AppSelectorViewController.swift in Sources */ = {isa = PBXBuildFile; fileRef = 552877E41E4B1250002408FD /* AppSelectorViewController.swift */; };
		553594991DBDD285002478B1 /* AppDelegate.swift in Sources */ = {isa = PBXBuildFile; fileRef = 553594981DBDD285002478B1 /* AppDelegate.swift */; };
		5535949B1DBDD285002478B1 /* ViewController.swift in Sources */ = {isa = PBXBuildFile; fileRef = 5535949A1DBDD285002478B1 /* ViewController.swift */; };
		5535949E1DBDD285002478B1 /* Main.storyboard in Resources */ = {isa = PBXBuildFile; fileRef = 5535949C1DBDD285002478B1 /* Main.storyboard */; };
		553594A01DBDD285002478B1 /* Assets.xcassets in Resources */ = {isa = PBXBuildFile; fileRef = 5535949F1DBDD285002478B1 /* Assets.xcassets */; };
		553594A31DBDD285002478B1 /* LaunchScreen.storyboard in Resources */ = {isa = PBXBuildFile; fileRef = 553594A11DBDD285002478B1 /* LaunchScreen.storyboard */; };
		554A4B551DF58CED00ABE981 /* CA.txt in Resources */ = {isa = PBXBuildFile; fileRef = 554A4B521DF58CED00ABE981 /* CA.txt */; };
		554A4B561DF58CED00ABE981 /* MA.txt in Resources */ = {isa = PBXBuildFile; fileRef = 554A4B531DF58CED00ABE981 /* MA.txt */; };
		554A4B571DF58CED00ABE981 /* WA.txt in Resources */ = {isa = PBXBuildFile; fileRef = 554A4B541DF58CED00ABE981 /* WA.txt */; };
		5551137E1E5FD58C00CC7597 /* Settings.swift in Sources */ = {isa = PBXBuildFile; fileRef = 5551137D1E5FD58C00CC7597 /* Settings.swift */; };
		55540FAE1DC57D7A001800C4 /* TaxType.swift in Sources */ = {isa = PBXBuildFile; fileRef = 55540FAD1DC57D7A001800C4 /* TaxType.swift */; };
		55540FB01DC5C89C001800C4 /* fedtax.txt in Resources */ = {isa = PBXBuildFile; fileRef = 55540FAF1DC5C89C001800C4 /* fedtax.txt */; };
		55540FB21DC5CD67001800C4 /* AppError.swift in Sources */ = {isa = PBXBuildFile; fileRef = 55540FB11DC5CD67001800C4 /* AppError.swift */; };
		55540FB41DC72F0E001800C4 /* Utils.swift in Sources */ = {isa = PBXBuildFile; fileRef = 55540FB31DC72F0E001800C4 /* Utils.swift */; };
		55540FB61DC731D5001800C4 /* UtilsTest.swift in Sources */ = {isa = PBXBuildFile; fileRef = 55540FB51DC731D5001800C4 /* UtilsTest.swift */; };
		55540FB81DC73604001800C4 /* testFile.txt in Resources */ = {isa = PBXBuildFile; fileRef = 55540FB71DC73604001800C4 /* testFile.txt */; };
		555BF3741DDED6E400C69B48 /* TaxBrackets.swift in Sources */ = {isa = PBXBuildFile; fileRef = 555BF3731DDED6E400C69B48 /* TaxBrackets.swift */; };
		55623CA21E5A542A006C0EE3 /* UserTest.swift in Sources */ = {isa = PBXBuildFile; fileRef = 55623CA11E5A542A006C0EE3 /* UserTest.swift */; };
		55623CA51E5A6D33006C0EE3 /* BracketTests.swift in Sources */ = {isa = PBXBuildFile; fileRef = 55623CA31E5A6D33006C0EE3 /* BracketTests.swift */; };
		55623CA61E5A6D33006C0EE3 /* TaxInfoTests.swift in Sources */ = {isa = PBXBuildFile; fileRef = 55623CA41E5A6D33006C0EE3 /* TaxInfoTests.swift */; };
		556A4D581DC1E5C300529007 /* TaxCalculationError.swift in Sources */ = {isa = PBXBuildFile; fileRef = 556A4D571DC1E5C300529007 /* TaxCalculationError.swift */; };
		556EC59A1DC5545A0002314A /* User.swift in Sources */ = {isa = PBXBuildFile; fileRef = 556EC5991DC5545A0002314A /* User.swift */; };
		556EC59C1DC554990002314A /* FilingStatus.swift in Sources */ = {isa = PBXBuildFile; fileRef = 556EC59B1DC554990002314A /* FilingStatus.swift */; };
		556EC59E1DC558F50002314A /* UserProtocol.swift in Sources */ = {isa = PBXBuildFile; fileRef = 556EC59D1DC558F50002314A /* UserProtocol.swift */; };
		556EC5A01DC55CFD0002314A /* TaxInfoService.swift in Sources */ = {isa = PBXBuildFile; fileRef = 556EC59F1DC55CFD0002314A /* TaxInfoService.swift */; };
		5581C53C1DBF4174006C0A3D /* TaxInfoServiceImpl.swift in Sources */ = {isa = PBXBuildFile; fileRef = 5581C53B1DBF4174006C0A3D /* TaxInfoServiceImpl.swift */; };
		558221911DF387A9008783A0 /* Config.swift in Sources */ = {isa = PBXBuildFile; fileRef = 558221901DF387A9008783A0 /* Config.swift */; };
		558B61F11DD1BF4500D644D8 /* TaxTypeTests.swift in Sources */ = {isa = PBXBuildFile; fileRef = 558B61F01DD1BF4500D644D8 /* TaxTypeTests.swift */; };
		558B61F31DD1C93E00D644D8 /* TestTax.txt in Resources */ = {isa = PBXBuildFile; fileRef = 558B61F21DD1C93E00D644D8 /* TestTax.txt */; };
		55D461461DF94B7600454DBC /* Deductions.swift in Sources */ = {isa = PBXBuildFile; fileRef = 55D461451DF94B7600454DBC /* Deductions.swift */; };
		55E242CF1DEEC88600AADE38 /* ResultsViewController.swift in Sources */ = {isa = PBXBuildFile; fileRef = 55E242CE1DEEC88600AADE38 /* ResultsViewController.swift */; };
		55E817661E712EE300923EE2 /* AL.txt in Resources */ = {isa = PBXBuildFile; fileRef = 55E817651E712EE300923EE2 /* AL.txt */; };
		55E817681E71307000923EE2 /* AK.txt in Resources */ = {isa = PBXBuildFile; fileRef = 55E817671E71307000923EE2 /* AK.txt */; };
		55E8176A1E71376A00923EE2 /* NY.txt in Resources */ = {isa = PBXBuildFile; fileRef = 55E817691E71376A00923EE2 /* NY.txt */; };
		55E8176C1E713A4900923EE2 /* FL.txt in Resources */ = {isa = PBXBuildFile; fileRef = 55E8176B1E713A4900923EE2 /* FL.txt */; };
		55E8176E1E713A8800923EE2 /* IL.txt in Resources */ = {isa = PBXBuildFile; fileRef = 55E8176D1E713A8800923EE2 /* IL.txt */; };
		55E817701E713B0100923EE2 /* IN.txt in Resources */ = {isa = PBXBuildFile; fileRef = 55E8176F1E713B0100923EE2 /* IN.txt */; };
		55F59B441DC03A7700CA0574 /* Bracket.swift in Sources */ = {isa = PBXBuildFile; fileRef = 55F59B431DC03A7700CA0574 /* Bracket.swift */; };
/* End PBXBuildFile section */

/* Begin PBXContainerItemProxy section */
		553594AA1DBDD285002478B1 /* PBXContainerItemProxy */ = {
			isa = PBXContainerItemProxy;
			containerPortal = 5535948D1DBDD285002478B1 /* Project object */;
			proxyType = 1;
			remoteGlobalIDString = 553594941DBDD285002478B1;
			remoteInfo = "Tax-estimate";
		};
/* End PBXContainerItemProxy section */

/* Begin PBXFileReference section */
		550DC6CA1E6424AD005A459F /* PreTaxDeduction.swift */ = {isa = PBXFileReference; fileEncoding = 4; lastKnownFileType = sourcecode.swift; path = PreTaxDeduction.swift; sourceTree = "<group>"; };
		550DC6CC1E6437C0005A459F /* PreTaxDeductionTests.swift */ = {isa = PBXFileReference; fileEncoding = 4; lastKnownFileType = sourcecode.swift; path = PreTaxDeductionTests.swift; sourceTree = "<group>"; };
		550DC6CE1E643DD6005A459F /* PreTaxDeductions.swift */ = {isa = PBXFileReference; fileEncoding = 4; lastKnownFileType = sourcecode.swift; path = PreTaxDeductions.swift; sourceTree = "<group>"; };
		551D858F1DDEF42C00FCC1F4 /* TaxBracketsTests.swift */ = {isa = PBXFileReference; fileEncoding = 4; lastKnownFileType = sourcecode.swift; path = TaxBracketsTests.swift; sourceTree = "<group>"; };
		551D85911DDF0AB100FCC1F4 /* TODOs */ = {isa = PBXFileReference; fileEncoding = 4; lastKnownFileType = text; path = TODOs; sourceTree = "<group>"; };
		552877E41E4B1250002408FD /* AppSelectorViewController.swift */ = {isa = PBXFileReference; fileEncoding = 4; lastKnownFileType = sourcecode.swift; path = AppSelectorViewController.swift; sourceTree = "<group>"; };
		553594951DBDD285002478B1 /* Tax-estimate.app */ = {isa = PBXFileReference; explicitFileType = wrapper.application; includeInIndex = 0; path = "Tax-estimate.app"; sourceTree = BUILT_PRODUCTS_DIR; };
		553594981DBDD285002478B1 /* AppDelegate.swift */ = {isa = PBXFileReference; lastKnownFileType = sourcecode.swift; path = AppDelegate.swift; sourceTree = "<group>"; };
		5535949A1DBDD285002478B1 /* ViewController.swift */ = {isa = PBXFileReference; lastKnownFileType = sourcecode.swift; path = ViewController.swift; sourceTree = "<group>"; };
		5535949D1DBDD285002478B1 /* Base */ = {isa = PBXFileReference; lastKnownFileType = file.storyboard; name = Base; path = Base.lproj/Main.storyboard; sourceTree = "<group>"; };
		5535949F1DBDD285002478B1 /* Assets.xcassets */ = {isa = PBXFileReference; lastKnownFileType = folder.assetcatalog; path = Assets.xcassets; sourceTree = "<group>"; };
		553594A21DBDD285002478B1 /* Base */ = {isa = PBXFileReference; lastKnownFileType = file.storyboard; name = Base; path = Base.lproj/LaunchScreen.storyboard; sourceTree = "<group>"; };
		553594A41DBDD285002478B1 /* Info.plist */ = {isa = PBXFileReference; lastKnownFileType = text.plist.xml; path = Info.plist; sourceTree = "<group>"; };
		553594A91DBDD285002478B1 /* Tax-estimateTests.xctest */ = {isa = PBXFileReference; explicitFileType = wrapper.cfbundle; includeInIndex = 0; path = "Tax-estimateTests.xctest"; sourceTree = BUILT_PRODUCTS_DIR; };
		553594AF1DBDD285002478B1 /* Info.plist */ = {isa = PBXFileReference; lastKnownFileType = text.plist.xml; path = Info.plist; sourceTree = "<group>"; };
		554A4B521DF58CED00ABE981 /* CA.txt */ = {isa = PBXFileReference; fileEncoding = 4; lastKnownFileType = text; path = CA.txt; sourceTree = "<group>"; };
		554A4B531DF58CED00ABE981 /* MA.txt */ = {isa = PBXFileReference; fileEncoding = 4; lastKnownFileType = text; path = MA.txt; sourceTree = "<group>"; };
		554A4B541DF58CED00ABE981 /* WA.txt */ = {isa = PBXFileReference; fileEncoding = 4; lastKnownFileType = text; path = WA.txt; sourceTree = "<group>"; };
		5551137D1E5FD58C00CC7597 /* Settings.swift */ = {isa = PBXFileReference; fileEncoding = 4; lastKnownFileType = sourcecode.swift; path = Settings.swift; sourceTree = "<group>"; };
		55540FAD1DC57D7A001800C4 /* TaxType.swift */ = {isa = PBXFileReference; fileEncoding = 4; lastKnownFileType = sourcecode.swift; path = TaxType.swift; sourceTree = "<group>"; };
		55540FAF1DC5C89C001800C4 /* fedtax.txt */ = {isa = PBXFileReference; fileEncoding = 4; lastKnownFileType = text; path = fedtax.txt; sourceTree = "<group>"; };
		55540FB11DC5CD67001800C4 /* AppError.swift */ = {isa = PBXFileReference; fileEncoding = 4; lastKnownFileType = sourcecode.swift; path = AppError.swift; sourceTree = "<group>"; };
		55540FB31DC72F0E001800C4 /* Utils.swift */ = {isa = PBXFileReference; fileEncoding = 4; lastKnownFileType = sourcecode.swift; path = Utils.swift; sourceTree = "<group>"; };
		55540FB51DC731D5001800C4 /* UtilsTest.swift */ = {isa = PBXFileReference; fileEncoding = 4; lastKnownFileType = sourcecode.swift; path = UtilsTest.swift; sourceTree = "<group>"; };
		55540FB71DC73604001800C4 /* testFile.txt */ = {isa = PBXFileReference; fileEncoding = 4; lastKnownFileType = text; path = testFile.txt; sourceTree = "<group>"; };
		55540FB91DC74144001800C4 /* BracketEnum.swift */ = {isa = PBXFileReference; fileEncoding = 4; lastKnownFileType = sourcecode.swift; path = BracketEnum.swift; sourceTree = "<group>"; };
		555BF3731DDED6E400C69B48 /* TaxBrackets.swift */ = {isa = PBXFileReference; fileEncoding = 4; lastKnownFileType = sourcecode.swift; path = TaxBrackets.swift; sourceTree = "<group>"; };
		55623CA11E5A542A006C0EE3 /* UserTest.swift */ = {isa = PBXFileReference; fileEncoding = 4; lastKnownFileType = sourcecode.swift; path = UserTest.swift; sourceTree = "<group>"; };
		55623CA31E5A6D33006C0EE3 /* BracketTests.swift */ = {isa = PBXFileReference; fileEncoding = 4; lastKnownFileType = sourcecode.swift; path = BracketTests.swift; sourceTree = "<group>"; };
		55623CA41E5A6D33006C0EE3 /* TaxInfoTests.swift */ = {isa = PBXFileReference; fileEncoding = 4; lastKnownFileType = sourcecode.swift; path = TaxInfoTests.swift; sourceTree = "<group>"; };
		556A4D571DC1E5C300529007 /* TaxCalculationError.swift */ = {isa = PBXFileReference; fileEncoding = 4; lastKnownFileType = sourcecode.swift; path = TaxCalculationError.swift; sourceTree = "<group>"; };
		556EC5991DC5545A0002314A /* User.swift */ = {isa = PBXFileReference; fileEncoding = 4; lastKnownFileType = sourcecode.swift; path = User.swift; sourceTree = "<group>"; };
		556EC59B1DC554990002314A /* FilingStatus.swift */ = {isa = PBXFileReference; fileEncoding = 4; lastKnownFileType = sourcecode.swift; path = FilingStatus.swift; sourceTree = "<group>"; };
		556EC59D1DC558F50002314A /* UserProtocol.swift */ = {isa = PBXFileReference; fileEncoding = 4; lastKnownFileType = sourcecode.swift; path = UserProtocol.swift; sourceTree = "<group>"; };
		556EC59F1DC55CFD0002314A /* TaxInfoService.swift */ = {isa = PBXFileReference; fileEncoding = 4; lastKnownFileType = sourcecode.swift; path = TaxInfoService.swift; sourceTree = "<group>"; };
		5581C53B1DBF4174006C0A3D /* TaxInfoServiceImpl.swift */ = {isa = PBXFileReference; fileEncoding = 4; lastKnownFileType = sourcecode.swift; path = TaxInfoServiceImpl.swift; sourceTree = "<group>"; };
		558221901DF387A9008783A0 /* Config.swift */ = {isa = PBXFileReference; fileEncoding = 4; lastKnownFileType = sourcecode.swift; path = Config.swift; sourceTree = "<group>"; };
		558B61F01DD1BF4500D644D8 /* TaxTypeTests.swift */ = {isa = PBXFileReference; fileEncoding = 4; lastKnownFileType = sourcecode.swift; path = TaxTypeTests.swift; sourceTree = "<group>"; };
		558B61F21DD1C93E00D644D8 /* TestTax.txt */ = {isa = PBXFileReference; fileEncoding = 4; lastKnownFileType = text; path = TestTax.txt; sourceTree = "<group>"; };
		55D461451DF94B7600454DBC /* Deductions.swift */ = {isa = PBXFileReference; fileEncoding = 4; lastKnownFileType = sourcecode.swift; path = Deductions.swift; sourceTree = "<group>"; };
		55E242CE1DEEC88600AADE38 /* ResultsViewController.swift */ = {isa = PBXFileReference; fileEncoding = 4; lastKnownFileType = sourcecode.swift; path = ResultsViewController.swift; sourceTree = "<group>"; };
		55E817651E712EE300923EE2 /* AL.txt */ = {isa = PBXFileReference; fileEncoding = 4; lastKnownFileType = text; path = AL.txt; sourceTree = "<group>"; };
		55E817671E71307000923EE2 /* AK.txt */ = {isa = PBXFileReference; fileEncoding = 4; lastKnownFileType = text; path = AK.txt; sourceTree = "<group>"; };
		55E817691E71376A00923EE2 /* NY.txt */ = {isa = PBXFileReference; fileEncoding = 4; lastKnownFileType = text; path = NY.txt; sourceTree = "<group>"; };
		55E8176B1E713A4900923EE2 /* FL.txt */ = {isa = PBXFileReference; fileEncoding = 4; lastKnownFileType = text; path = FL.txt; sourceTree = "<group>"; };
		55E8176D1E713A8800923EE2 /* IL.txt */ = {isa = PBXFileReference; fileEncoding = 4; lastKnownFileType = text; path = IL.txt; sourceTree = "<group>"; };
		55E8176F1E713B0100923EE2 /* IN.txt */ = {isa = PBXFileReference; fileEncoding = 4; lastKnownFileType = text; path = IN.txt; sourceTree = "<group>"; };
		55F59B431DC03A7700CA0574 /* Bracket.swift */ = {isa = PBXFileReference; fileEncoding = 4; lastKnownFileType = sourcecode.swift; path = Bracket.swift; sourceTree = "<group>"; };
/* End PBXFileReference section */

/* Begin PBXFrameworksBuildPhase section */
		553594921DBDD285002478B1 /* Frameworks */ = {
			isa = PBXFrameworksBuildPhase;
			buildActionMask = 2147483647;
			files = (
			);
			runOnlyForDeploymentPostprocessing = 0;
		};
		553594A61DBDD285002478B1 /* Frameworks */ = {
			isa = PBXFrameworksBuildPhase;
			buildActionMask = 2147483647;
			files = (
			);
			runOnlyForDeploymentPostprocessing = 0;
		};
/* End PBXFrameworksBuildPhase section */

/* Begin PBXGroup section */
		5535948C1DBDD285002478B1 = {
			isa = PBXGroup;
			children = (
				553594971DBDD285002478B1 /* TaxEstimate */,
				553594AC1DBDD285002478B1 /* Tax-estimateTests */,
				553594961DBDD285002478B1 /* Products */,
			);
			sourceTree = "<group>";
		};
		553594961DBDD285002478B1 /* Products */ = {
			isa = PBXGroup;
			children = (
				553594951DBDD285002478B1 /* Tax-estimate.app */,
				553594A91DBDD285002478B1 /* Tax-estimateTests.xctest */,
			);
			name = Products;
			sourceTree = "<group>";
		};
		553594971DBDD285002478B1 /* TaxEstimate */ = {
			isa = PBXGroup;
			children = (
				554A4B521DF58CED00ABE981 /* CA.txt */,
				554A4B531DF58CED00ABE981 /* MA.txt */,
				554A4B541DF58CED00ABE981 /* WA.txt */,
				553594981DBDD285002478B1 /* AppDelegate.swift */,
				5535949A1DBDD285002478B1 /* ViewController.swift */,
				5535949C1DBDD285002478B1 /* Main.storyboard */,
				5535949F1DBDD285002478B1 /* Assets.xcassets */,
				553594A11DBDD285002478B1 /* LaunchScreen.storyboard */,
				553594A41DBDD285002478B1 /* Info.plist */,
				5581C53B1DBF4174006C0A3D /* TaxInfoServiceImpl.swift */,
				55F59B431DC03A7700CA0574 /* Bracket.swift */,
				556A4D571DC1E5C300529007 /* TaxCalculationError.swift */,
				556EC5991DC5545A0002314A /* User.swift */,
				556EC59B1DC554990002314A /* FilingStatus.swift */,
				556EC59D1DC558F50002314A /* UserProtocol.swift */,
				556EC59F1DC55CFD0002314A /* TaxInfoService.swift */,
				55540FAD1DC57D7A001800C4 /* TaxType.swift */,
				55540FAF1DC5C89C001800C4 /* fedtax.txt */,
				55540FB11DC5CD67001800C4 /* AppError.swift */,
				55540FB31DC72F0E001800C4 /* Utils.swift */,
				55540FB91DC74144001800C4 /* BracketEnum.swift */,
				558B61F21DD1C93E00D644D8 /* TestTax.txt */,
				555BF3731DDED6E400C69B48 /* TaxBrackets.swift */,
				551D85911DDF0AB100FCC1F4 /* TODOs */,
				55E242CE1DEEC88600AADE38 /* ResultsViewController.swift */,
				558221901DF387A9008783A0 /* Config.swift */,
				55D461451DF94B7600454DBC /* Deductions.swift */,
				552877E41E4B1250002408FD /* AppSelectorViewController.swift */,
				5551137D1E5FD58C00CC7597 /* Settings.swift */,
				550DC6CA1E6424AD005A459F /* PreTaxDeduction.swift */,
				550DC6CE1E643DD6005A459F /* PreTaxDeductions.swift */,
				55E817651E712EE300923EE2 /* AL.txt */,
				55E817671E71307000923EE2 /* AK.txt */,
				55E817691E71376A00923EE2 /* NY.txt */,
				55E8176B1E713A4900923EE2 /* FL.txt */,
				55E8176D1E713A8800923EE2 /* IL.txt */,
				55E8176F1E713B0100923EE2 /* IN.txt */,
			);
			name = TaxEstimate;
			path = "Tax-estimate";
			sourceTree = "<group>";
		};
		553594AC1DBDD285002478B1 /* Tax-estimateTests */ = {
			isa = PBXGroup;
			children = (
				55623CA31E5A6D33006C0EE3 /* BracketTests.swift */,
				55623CA41E5A6D33006C0EE3 /* TaxInfoTests.swift */,
				553594AF1DBDD285002478B1 /* Info.plist */,
				55540FB51DC731D5001800C4 /* UtilsTest.swift */,
				55540FB71DC73604001800C4 /* testFile.txt */,
				558B61F01DD1BF4500D644D8 /* TaxTypeTests.swift */,
				551D858F1DDEF42C00FCC1F4 /* TaxBracketsTests.swift */,
				55623CA11E5A542A006C0EE3 /* UserTest.swift */,
				550DC6CC1E6437C0005A459F /* PreTaxDeductionTests.swift */,
			);
			path = "Tax-estimateTests";
			sourceTree = "<group>";
		};
/* End PBXGroup section */

/* Begin PBXNativeTarget section */
		553594941DBDD285002478B1 /* Tax-estimate */ = {
			isa = PBXNativeTarget;
			buildConfigurationList = 553594B21DBDD285002478B1 /* Build configuration list for PBXNativeTarget "Tax-estimate" */;
			buildPhases = (
				553594911DBDD285002478B1 /* Sources */,
				553594921DBDD285002478B1 /* Frameworks */,
				553594931DBDD285002478B1 /* Resources */,
			);
			buildRules = (
			);
			dependencies = (
			);
			name = "Tax-estimate";
			productName = "Tax-estimate";
			productReference = 553594951DBDD285002478B1 /* Tax-estimate.app */;
			productType = "com.apple.product-type.application";
		};
		553594A81DBDD285002478B1 /* Tax-estimateTests */ = {
			isa = PBXNativeTarget;
			buildConfigurationList = 553594B51DBDD285002478B1 /* Build configuration list for PBXNativeTarget "Tax-estimateTests" */;
			buildPhases = (
				553594A51DBDD285002478B1 /* Sources */,
				553594A61DBDD285002478B1 /* Frameworks */,
				553594A71DBDD285002478B1 /* Resources */,
			);
			buildRules = (
			);
			dependencies = (
				553594AB1DBDD285002478B1 /* PBXTargetDependency */,
			);
			name = "Tax-estimateTests";
			productName = "Tax-estimateTests";
			productReference = 553594A91DBDD285002478B1 /* Tax-estimateTests.xctest */;
			productType = "com.apple.product-type.bundle.unit-test";
		};
/* End PBXNativeTarget section */

/* Begin PBXProject section */
		5535948D1DBDD285002478B1 /* Project object */ = {
			isa = PBXProject;
			attributes = {
				LastSwiftUpdateCheck = 0720;
				LastUpgradeCheck = 0810;
				ORGANIZATIONNAME = "Varun Ajmera";
				TargetAttributes = {
					553594941DBDD285002478B1 = {
						CreatedOnToolsVersion = 7.2.1;
						DevelopmentTeam = UEMEQ8LN56;
						LastSwiftMigration = 0810;
						ProvisioningStyle = Automatic;
					};
					553594A81DBDD285002478B1 = {
						CreatedOnToolsVersion = 7.2.1;
						DevelopmentTeam = UEMEQ8LN56;
						LastSwiftMigration = 0810;
						ProvisioningStyle = Manual;
						TestTargetID = 553594941DBDD285002478B1;
					};
				};
			};
			buildConfigurationList = 553594901DBDD285002478B1 /* Build configuration list for PBXProject "Tax-estimate" */;
			compatibilityVersion = "Xcode 3.2";
			developmentRegion = English;
			hasScannedForEncodings = 0;
			knownRegions = (
				en,
				Base,
			);
			mainGroup = 5535948C1DBDD285002478B1;
			productRefGroup = 553594961DBDD285002478B1 /* Products */;
			projectDirPath = "";
			projectRoot = "";
			targets = (
				553594941DBDD285002478B1 /* Tax-estimate */,
				553594A81DBDD285002478B1 /* Tax-estimateTests */,
			);
		};
/* End PBXProject section */

/* Begin PBXResourcesBuildPhase section */
		553594931DBDD285002478B1 /* Resources */ = {
			isa = PBXResourcesBuildPhase;
			buildActionMask = 2147483647;
			files = (
				55E8176C1E713A4900923EE2 /* FL.txt in Resources */,
				551D85921DDF0AB100FCC1F4 /* TODOs in Resources */,
				553594A31DBDD285002478B1 /* LaunchScreen.storyboard in Resources */,
				554A4B561DF58CED00ABE981 /* MA.txt in Resources */,
				553594A01DBDD285002478B1 /* Assets.xcassets in Resources */,
				55540FB01DC5C89C001800C4 /* fedtax.txt in Resources */,
				55E817661E712EE300923EE2 /* AL.txt in Resources */,
				55E817681E71307000923EE2 /* AK.txt in Resources */,
				55E8176A1E71376A00923EE2 /* NY.txt in Resources */,
				55E8176E1E713A8800923EE2 /* IL.txt in Resources */,
				55E817701E713B0100923EE2 /* IN.txt in Resources */,
				5535949E1DBDD285002478B1 /* Main.storyboard in Resources */,
				558B61F31DD1C93E00D644D8 /* TestTax.txt in Resources */,
				554A4B571DF58CED00ABE981 /* WA.txt in Resources */,
				554A4B551DF58CED00ABE981 /* CA.txt in Resources */,
			);
			runOnlyForDeploymentPostprocessing = 0;
		};
		553594A71DBDD285002478B1 /* Resources */ = {
			isa = PBXResourcesBuildPhase;
			buildActionMask = 2147483647;
			files = (
				55540FB81DC73604001800C4 /* testFile.txt in Resources */,
			);
			runOnlyForDeploymentPostprocessing = 0;
		};
/* End PBXResourcesBuildPhase section */

/* Begin PBXSourcesBuildPhase section */
		553594911DBDD285002478B1 /* Sources */ = {
			isa = PBXSourcesBuildPhase;
			buildActionMask = 2147483647;
			files = (
				556A4D581DC1E5C300529007 /* TaxCalculationError.swift in Sources */,
				5507520E1DD082F900676627 /* BracketEnum.swift in Sources */,
				55F59B441DC03A7700CA0574 /* Bracket.swift in Sources */,
				556EC59A1DC5545A0002314A /* User.swift in Sources */,
				550DC6CF1E643DD6005A459F /* PreTaxDeductions.swift in Sources */,
				5535949B1DBDD285002478B1 /* ViewController.swift in Sources */,
				556EC59C1DC554990002314A /* FilingStatus.swift in Sources */,
				550DC6CB1E6424AD005A459F /* PreTaxDeduction.swift in Sources */,
				55E242CF1DEEC88600AADE38 /* ResultsViewController.swift in Sources */,
				5581C53C1DBF4174006C0A3D /* TaxInfoServiceImpl.swift in Sources */,
				556EC5A01DC55CFD0002314A /* TaxInfoService.swift in Sources */,
				55540FAE1DC57D7A001800C4 /* TaxType.swift in Sources */,
				55D461461DF94B7600454DBC /* Deductions.swift in Sources */,
				558221911DF387A9008783A0 /* Config.swift in Sources */,
				55540FB21DC5CD67001800C4 /* AppError.swift in Sources */,
				556EC59E1DC558F50002314A /* UserProtocol.swift in Sources */,
				553594991DBDD285002478B1 /* AppDelegate.swift in Sources */,
				555BF3741DDED6E400C69B48 /* TaxBrackets.swift in Sources */,
				5551137E1E5FD58C00CC7597 /* Settings.swift in Sources */,
				55540FB41DC72F0E001800C4 /* Utils.swift in Sources */,
				552877E51E4B1250002408FD /* AppSelectorViewController.swift in Sources */,
			);
			runOnlyForDeploymentPostprocessing = 0;
		};
		553594A51DBDD285002478B1 /* Sources */ = {
			isa = PBXSourcesBuildPhase;
			buildActionMask = 2147483647;
			files = (
				55623CA61E5A6D33006C0EE3 /* TaxInfoTests.swift in Sources */,
				551D85901DDEF42C00FCC1F4 /* TaxBracketsTests.swift in Sources */,
				558B61F11DD1BF4500D644D8 /* TaxTypeTests.swift in Sources */,
				550DC6CD1E6437C0005A459F /* PreTaxDeductionTests.swift in Sources */,
				55623CA21E5A542A006C0EE3 /* UserTest.swift in Sources */,
				55623CA51E5A6D33006C0EE3 /* BracketTests.swift in Sources */,
				55540FB61DC731D5001800C4 /* UtilsTest.swift in Sources */,
			);
			runOnlyForDeploymentPostprocessing = 0;
		};
/* End PBXSourcesBuildPhase section */

/* Begin PBXTargetDependency section */
		553594AB1DBDD285002478B1 /* PBXTargetDependency */ = {
			isa = PBXTargetDependency;
			target = 553594941DBDD285002478B1 /* Tax-estimate */;
			targetProxy = 553594AA1DBDD285002478B1 /* PBXContainerItemProxy */;
		};
/* End PBXTargetDependency section */

/* Begin PBXVariantGroup section */
		5535949C1DBDD285002478B1 /* Main.storyboard */ = {
			isa = PBXVariantGroup;
			children = (
				5535949D1DBDD285002478B1 /* Base */,
			);
			name = Main.storyboard;
			sourceTree = "<group>";
		};
		553594A11DBDD285002478B1 /* LaunchScreen.storyboard */ = {
			isa = PBXVariantGroup;
			children = (
				553594A21DBDD285002478B1 /* Base */,
			);
			name = LaunchScreen.storyboard;
			sourceTree = "<group>";
		};
/* End PBXVariantGroup section */

/* Begin XCBuildConfiguration section */
		553594B01DBDD285002478B1 /* Debug */ = {
			isa = XCBuildConfiguration;
			buildSettings = {
				ALWAYS_SEARCH_USER_PATHS = NO;
				CLANG_CXX_LANGUAGE_STANDARD = "gnu++0x";
				CLANG_CXX_LIBRARY = "libc++";
				CLANG_ENABLE_MODULES = YES;
				CLANG_ENABLE_OBJC_ARC = YES;
				CLANG_WARN_BOOL_CONVERSION = YES;
				CLANG_WARN_CONSTANT_CONVERSION = YES;
				CLANG_WARN_DIRECT_OBJC_ISA_USAGE = YES_ERROR;
				CLANG_WARN_EMPTY_BODY = YES;
				CLANG_WARN_ENUM_CONVERSION = YES;
				CLANG_WARN_INFINITE_RECURSION = YES;
				CLANG_WARN_INT_CONVERSION = YES;
				CLANG_WARN_OBJC_ROOT_CLASS = YES_ERROR;
				CLANG_WARN_SUSPICIOUS_MOVE = YES;
				CLANG_WARN_UNREACHABLE_CODE = YES;
				CLANG_WARN__DUPLICATE_METHOD_MATCH = YES;
				"CODE_SIGN_IDENTITY[sdk=iphoneos*]" = "iPhone Developer";
				COPY_PHASE_STRIP = NO;
				DEBUG_INFORMATION_FORMAT = dwarf;
				ENABLE_STRICT_OBJC_MSGSEND = YES;
				ENABLE_TESTABILITY = YES;
				GCC_C_LANGUAGE_STANDARD = gnu99;
				GCC_DYNAMIC_NO_PIC = NO;
				GCC_NO_COMMON_BLOCKS = YES;
				GCC_OPTIMIZATION_LEVEL = 0;
				GCC_PREPROCESSOR_DEFINITIONS = (
					"DEBUG=1",
					"$(inherited)",
				);
				GCC_WARN_64_TO_32_BIT_CONVERSION = YES;
				GCC_WARN_ABOUT_RETURN_TYPE = YES_ERROR;
				GCC_WARN_UNDECLARED_SELECTOR = YES;
				GCC_WARN_UNINITIALIZED_AUTOS = YES_AGGRESSIVE;
				GCC_WARN_UNUSED_FUNCTION = YES;
				GCC_WARN_UNUSED_VARIABLE = YES;
				IPHONEOS_DEPLOYMENT_TARGET = 10.0;
				MTL_ENABLE_DEBUG_INFO = YES;
				ONLY_ACTIVE_ARCH = YES;
				SDKROOT = iphoneos;
				SWIFT_OPTIMIZATION_LEVEL = "-Onone";
				TARGETED_DEVICE_FAMILY = "1,2";
			};
			name = Debug;
		};
		553594B11DBDD285002478B1 /* Release */ = {
			isa = XCBuildConfiguration;
			buildSettings = {
				ALWAYS_SEARCH_USER_PATHS = NO;
				CLANG_CXX_LANGUAGE_STANDARD = "gnu++0x";
				CLANG_CXX_LIBRARY = "libc++";
				CLANG_ENABLE_MODULES = YES;
				CLANG_ENABLE_OBJC_ARC = YES;
				CLANG_WARN_BOOL_CONVERSION = YES;
				CLANG_WARN_CONSTANT_CONVERSION = YES;
				CLANG_WARN_DIRECT_OBJC_ISA_USAGE = YES_ERROR;
				CLANG_WARN_EMPTY_BODY = YES;
				CLANG_WARN_ENUM_CONVERSION = YES;
				CLANG_WARN_INFINITE_RECURSION = YES;
				CLANG_WARN_INT_CONVERSION = YES;
				CLANG_WARN_OBJC_ROOT_CLASS = YES_ERROR;
				CLANG_WARN_SUSPICIOUS_MOVE = YES;
				CLANG_WARN_UNREACHABLE_CODE = YES;
				CLANG_WARN__DUPLICATE_METHOD_MATCH = YES;
				"CODE_SIGN_IDENTITY[sdk=iphoneos*]" = "iPhone Developer";
				COPY_PHASE_STRIP = NO;
				DEBUG_INFORMATION_FORMAT = "dwarf-with-dsym";
				ENABLE_NS_ASSERTIONS = NO;
				ENABLE_STRICT_OBJC_MSGSEND = YES;
				GCC_C_LANGUAGE_STANDARD = gnu99;
				GCC_NO_COMMON_BLOCKS = YES;
				GCC_WARN_64_TO_32_BIT_CONVERSION = YES;
				GCC_WARN_ABOUT_RETURN_TYPE = YES_ERROR;
				GCC_WARN_UNDECLARED_SELECTOR = YES;
				GCC_WARN_UNINITIALIZED_AUTOS = YES_AGGRESSIVE;
				GCC_WARN_UNUSED_FUNCTION = YES;
				GCC_WARN_UNUSED_VARIABLE = YES;
				IPHONEOS_DEPLOYMENT_TARGET = 10.0;
				MTL_ENABLE_DEBUG_INFO = NO;
				SDKROOT = iphoneos;
				SWIFT_OPTIMIZATION_LEVEL = "-Owholemodule";
				TARGETED_DEVICE_FAMILY = "1,2";
				VALIDATE_PRODUCT = YES;
			};
			name = Release;
		};
		553594B31DBDD285002478B1 /* Debug */ = {
			isa = XCBuildConfiguration;
			buildSettings = {
				ASSETCATALOG_COMPILER_APPICON_NAME = AppIcon;
				CODE_SIGN_IDENTITY = "iPhone Developer";
				"CODE_SIGN_IDENTITY[sdk=iphoneos*]" = "iPhone Developer";
				DEVELOPMENT_TEAM = UEMEQ8LN56;
				INFOPLIST_FILE = "Tax-estimate/Info.plist";
				LD_RUNPATH_SEARCH_PATHS = "$(inherited) @executable_path/Frameworks";
				PRODUCT_BUNDLE_IDENTIFIER = "com.example.Tax-estimate";
				PRODUCT_NAME = "$(TARGET_NAME)";
				SWIFT_VERSION = 3.0;
			};
			name = Debug;
		};
		553594B41DBDD285002478B1 /* Release */ = {
			isa = XCBuildConfiguration;
			buildSettings = {
				ASSETCATALOG_COMPILER_APPICON_NAME = AppIcon;
				CODE_SIGN_IDENTITY = "iPhone Developer";
				"CODE_SIGN_IDENTITY[sdk=iphoneos*]" = "iPhone Developer";
				DEVELOPMENT_TEAM = UEMEQ8LN56;
				INFOPLIST_FILE = "Tax-estimate/Info.plist";
				LD_RUNPATH_SEARCH_PATHS = "$(inherited) @executable_path/Frameworks";
				PRODUCT_BUNDLE_IDENTIFIER = "com.example.Tax-estimate";
				PRODUCT_NAME = "$(TARGET_NAME)";
				SWIFT_VERSION = 3.0;
			};
			name = Release;
		};
		553594B61DBDD285002478B1 /* Debug */ = {
			isa = XCBuildConfiguration;
			buildSettings = {
				BUNDLE_LOADER = "$(TEST_HOST)";
				CODE_SIGN_IDENTITY = "iPhone Developer";
				DEVELOPMENT_TEAM = UEMEQ8LN56;
				INFOPLIST_FILE = "Tax-estimateTests/Info.plist";
				IPHONEOS_DEPLOYMENT_TARGET = 10.0;
				LD_RUNPATH_SEARCH_PATHS = "$(inherited) @executable_path/Frameworks @loader_path/Frameworks";
				PRODUCT_BUNDLE_IDENTIFIER = "com.example.Tax-estimateTests";
				PRODUCT_NAME = "$(TARGET_NAME)";
				SWIFT_VERSION = 3.0;
				TEST_HOST = "$(BUILT_PRODUCTS_DIR)/Tax-estimate.app/Tax-estimate";
			};
			name = Debug;
		};
		553594B71DBDD285002478B1 /* Release */ = {
			isa = XCBuildConfiguration;
			buildSettings = {
				BUNDLE_LOADER = "$(TEST_HOST)";
				CODE_SIGN_IDENTITY = "iPhone Developer";
				DEVELOPMENT_TEAM = UEMEQ8LN56;
				INFOPLIST_FILE = "Tax-estimateTests/Info.plist";
				IPHONEOS_DEPLOYMENT_TARGET = 10.0;
				LD_RUNPATH_SEARCH_PATHS = "$(inherited) @executable_path/Frameworks @loader_path/Frameworks";
				PRODUCT_BUNDLE_IDENTIFIER = "com.example.Tax-estimateTests";
				PRODUCT_NAME = "$(TARGET_NAME)";
				SWIFT_VERSION = 3.0;
				TEST_HOST = "$(BUILT_PRODUCTS_DIR)/Tax-estimate.app/Tax-estimate";
			};
			name = Release;
		};
/* End XCBuildConfiguration section */

/* Begin XCConfigurationList section */
		553594901DBDD285002478B1 /* Build configuration list for PBXProject "Tax-estimate" */ = {
			isa = XCConfigurationList;
			buildConfigurations = (
				553594B01DBDD285002478B1 /* Debug */,
				553594B11DBDD285002478B1 /* Release */,
			);
			defaultConfigurationIsVisible = 0;
			defaultConfigurationName = Release;
		};
		553594B21DBDD285002478B1 /* Build configuration list for PBXNativeTarget "Tax-estimate" */ = {
			isa = XCConfigurationList;
			buildConfigurations = (
				553594B31DBDD285002478B1 /* Debug */,
				553594B41DBDD285002478B1 /* Release */,
			);
			defaultConfigurationIsVisible = 0;
			defaultConfigurationName = Release;
		};
		553594B51DBDD285002478B1 /* Build configuration list for PBXNativeTarget "Tax-estimateTests" */ = {
			isa = XCConfigurationList;
			buildConfigurations = (
				553594B61DBDD285002478B1 /* Debug */,
				553594B71DBDD285002478B1 /* Release */,
			);
			defaultConfigurationIsVisible = 0;
			defaultConfigurationName = Release;
		};
/* End XCConfigurationList section */
	};
	rootObject = 5535948D1DBDD285002478B1 /* Project object */;
}
